# THIS IS AN AUTOGENERATED FILE. DO NOT EDIT THIS FILE DIRECTLY.
# yarn lockfile v1


"@remix-run/router@1.15.2":
  version "1.15.2"
  resolved "https://registry.npmmirror.com/@remix-run/router/-/router-1.15.2.tgz#35726510d332ba5349c6398d13259d5da184553d"
  integrity sha512-+Rnav+CaoTE5QJc4Jcwh5toUpnVLKYbpU6Ys0zqbakqbaLQHeglLVHPfxOiQqdNmUy5C2lXz5dwC6tQNX2JW2Q==

"@types/use-sync-external-store@^0.0.3":
  version "0.0.3"
  resolved "https://registry.npmmirror.com/@types/use-sync-external-store/-/use-sync-external-store-0.0.3.tgz#b6725d5f4af24ace33b36fafd295136e75509f43"
  integrity sha512-EwmlvuaxPNej9+T4v5AuBPJa2x2UOJVdjCtDHgcDqitUeOtjnJKJ+apYjVcAoBEMjKW1VVFGZLUb5+qqa09XFA==

react-redux@^9.1.0:
  version "9.1.0"
  resolved "https://registry.npmmirror.com/react-redux/-/react-redux-9.1.0.tgz#46a46d4cfed4e534ce5452bb39ba18e1d98a8197"
  integrity sha512-6qoDzIO+gbrza8h3hjMA9aq4nwVFCKFtY2iLxCtVT38Swyy2C/dJCGBXHeHLtx6qlg/8qzc2MrhOeduf5K32wQ==
  dependencies:
    "@types/use-sync-external-store" "^0.0.3"
    use-sync-external-store "^1.0.0"

react-router-dom@^6.22.2:
  version "6.22.2"
  resolved "https://registry.npmmirror.com/react-router-dom/-/react-router-dom-6.22.2.tgz#8233968a8a576f3006e5549c80f3527d2598fc9c"
  integrity sha512-WgqxD2qySEIBPZ3w0sHH+PUAiamDeszls9tzqMPBDA1YYVucTBXLU7+gtRfcSnhe92A3glPnvSxK2dhNoAVOIQ==
  dependencies:
    "@remix-run/router" "1.15.2"
    react-router "6.22.2"

react-router@6.22.2:
  version "6.22.2"
  resolved "https://registry.npmmirror.com/react-router/-/react-router-6.22.2.tgz#27e77e4c635a5697693b922d131d773451c98a5b"
  integrity sha512-YD3Dzprzpcq+tBMHBS822tCjnWD3iIZbTeSXMY9LPSG541EfoBGyZ3bS25KEnaZjLcmQpw2AVLkFyfgXY8uvcw==
  dependencies:
    "@remix-run/router" "1.15.2"

redux-devtools-extension@^2.13.9:
  version "2.13.9"
  resolved "https://registry.npmmirror.com/redux-devtools-extension/-/redux-devtools-extension-2.13.9.tgz#6b764e8028b507adcb75a1cae790f71e6be08ae7"
  integrity sha512-cNJ8Q/EtjhQaZ71c8I9+BPySIBVEKssbPpskBfsXqb8HJ002A3KRVHfeRzwRo6mGPqsm7XuHTqNSNeS1Khig0A==

redux-thunk@^3.1.0:
  version "3.1.0"
  resolved "https://registry.npmmirror.com/redux-thunk/-/redux-thunk-3.1.0.tgz#94aa6e04977c30e14e892eae84978c1af6058ff3"
  integrity sha512-NW2r5T6ksUKXCabzhL9z+h206HQw/NJkcLm1GPImRQ8IzfXwRGqjVhKJGauHirT0DAuyy6hjdnMZaRoAcy0Klw==

redux@^5.0.1:
  version "5.0.1"
  resolved "https://registry.npmmirror.com/redux/-/redux-5.0.1.tgz#97fa26881ce5746500125585d5642c77b6e9447b"
  integrity sha512-M9/ELqF6fy8FwmkpnF0S3YKOqMyoWJ4+CS5Efg2ct3oY9daQvd/Pc71FpGZsVsbl3Cpb+IIcjBDUnnyBdQbq4w==

use-sync-external-store@^1.0.0:
  version "1.2.0"
  resolved "https://registry.npmmirror.com/use-sync-external-store/-/use-sync-external-store-1.2.0.tgz#7dbefd6ef3fe4e767a0cf5d7287aacfb5846928a"
  integrity sha512-eEgnFxGQ1Ife9bzYs6VLi8/4X6CObHMw9Qr9tPY43iKwsPw8xE8+EFsf/2cFZ5S3esXgpWgtSCtLNS41F+sKPA==
